// !$*UTF8*$!
{
	archiveVersion = 1;
	classes = {
	};
	objectVersion = 56;
	objects = {

/* Begin PBXBuildFile section */
		F1000001 /* ScoreTableUITests.swift in Sources */ = {isa = PBXBuildFile; fileRef = F2000001 /* ScoreTableUITests.swift */; };
		A1000006 /* AppConfiguration.swift in Sources */ = {isa = PBXBuildFile; fileRef = A2000007 /* AppConfiguration.swift */; };
		A1000007 /* AppNavigation.swift in Sources */ = {isa = PBXBuildFile; fileRef = A2000008 /* AppNavigation.swift */; };
		A1000008 /* StartupLoadingGate.swift in Sources */ = {isa = PBXBuildFile; fileRef = A2000009 /* StartupLoadingGate.swift */; };
		A1000009 /* StartupLoadingContainer.swift in Sources */ = {isa = PBXBuildFile; fileRef = A2000010 /* StartupLoadingContainer.swift */; };
		A1000010 /* StartupLoadingView.swift in Sources */ = {isa = PBXBuildFile; fileRef = A2000011 /* StartupLoadingView.swift */; };
		B1000001 /* Assets.xcassets in Resources */ = {isa = PBXBuildFile; fileRef = B2000001 /* Assets.xcassets */; };
		B1000002 /* PrivacyInfo.xcprivacy in Resources */ = {isa = PBXBuildFile; fileRef = B2000002 /* PrivacyInfo.xcprivacy */; };
		A1000011 /* CastellsDomain in Frameworks */ = {isa = PBXBuildFile; productRef = A1100011 /* CastellsDomain */; };
		A1000012 /* CastellsData in Frameworks */ = {isa = PBXBuildFile; productRef = A1100012 /* CastellsData */; };
		A1000015 /* FeatureCalculator in Frameworks */ = {isa = PBXBuildFile; productRef = A1100015 /* FeatureCalculator */; };
		A1000016 /* FeatureSettings in Frameworks */ = {isa = PBXBuildFile; productRef = A1100016 /* FeatureSettings */; };
		A1000017 /* FeatureScoreTable in Frameworks */ = {isa = PBXBuildFile; productRef = A1100017 /* FeatureScoreTable */; };
		D1000001 /* CalculatorApp.swift in Sources */ = {isa = PBXBuildFile; fileRef = D2000001 /* CalculatorApp.swift */; };
		D1000003 /* ContentView.swift in Sources */ = {isa = PBXBuildFile; fileRef = D2000003 /* ContentView.swift */; };
		E1000001 /* AppDependencies.swift in Sources */ = {isa = PBXBuildFile; fileRef = E2000001 /* AppDependencies.swift */; };
/* End PBXBuildFile section */

/* Begin PBXContainerItemProxy section */
		F3000001 /* PBXContainerItemProxy */ = {
			isa = PBXContainerItemProxy;
			containerPortal = A8000001 /* Project object */;
			proxyType = 1;
			remoteGlobalIDString = A5000001;
			remoteInfo = HoraAHoraApp;
		};
/* End PBXContainerItemProxy section */

/* Begin PBXFileReference section */
		F2000001 /* ScoreTableUITests.swift */ = {isa = PBXFileReference; lastKnownFileType = sourcecode.swift; path = ScoreTableUITests.swift; sourceTree = "<group>"; };
		F2000002 /* HoraAHoraAppUITests.xctest */ = {isa = PBXFileReference; explicitFileType = wrapper.cfbundle; includeInIndex = 0; path = HoraAHoraAppUITests.xctest; sourceTree = BUILT_PRODUCTS_DIR; };
		A2000007 /* AppConfiguration.swift */ = {isa = PBXFileReference; lastKnownFileType = sourcecode.swift; path = AppConfiguration.swift; sourceTree = "<group>"; };
		A2000008 /* AppNavigation.swift */ = {isa = PBXFileReference; lastKnownFileType = sourcecode.swift; path = AppNavigation.swift; sourceTree = "<group>"; };
		A2000009 /* StartupLoadingGate.swift */ = {isa = PBXFileReference; lastKnownFileType = sourcecode.swift; path = StartupLoadingGate.swift; sourceTree = "<group>"; };
		A2000010 /* StartupLoadingContainer.swift */ = {isa = PBXFileReference; lastKnownFileType = sourcecode.swift; path = StartupLoadingContainer.swift; sourceTree = "<group>"; };
		A2000011 /* StartupLoadingView.swift */ = {isa = PBXFileReference; lastKnownFileType = sourcecode.swift; path = StartupLoadingView.swift; sourceTree = "<group>"; };
		A2000014 /* Version.xcconfig */ = {isa = PBXFileReference; lastKnownFileType = text.xcconfig; path = ../Version.xcconfig; sourceTree = SOURCE_ROOT; };
		A2000012 /* Debug.xcconfig */ = {isa = PBXFileReference; lastKnownFileType = text.xcconfig; path = Debug.xcconfig; sourceTree = "<group>"; };
		A2000013 /* Info.plist */ = {isa = PBXFileReference; lastKnownFileType = text.plist.xml; path = Info.plist; sourceTree = "<group>"; };
		A2000004 /* HoraAHoraApp.app */ = {isa = PBXFileReference; explicitFileType = wrapper.application; includeInIndex = 0; path = HoraAHoraApp.app; sourceTree = BUILT_PRODUCTS_DIR; };
		B2000001 /* Assets.xcassets */ = {isa = PBXFileReference; lastKnownFileType = folder.assetcatalog; path = Assets.xcassets; sourceTree = "<group>"; };
		B2000002 /* PrivacyInfo.xcprivacy */ = {isa = PBXFileReference; lastKnownFileType = text.xml; path = PrivacyInfo.xcprivacy; sourceTree = "<group>"; };
		D2000001 /* CalculatorApp.swift */ = {isa = PBXFileReference; lastKnownFileType = sourcecode.swift; path = CalculatorApp.swift; sourceTree = "<group>"; };
		D2000003 /* ContentView.swift */ = {isa = PBXFileReference; lastKnownFileType = sourcecode.swift; path = ContentView.swift; sourceTree = "<group>"; };
		E2000001 /* AppDependencies.swift */ = {isa = PBXFileReference; lastKnownFileType = sourcecode.swift; path = AppDependencies.swift; sourceTree = "<group>"; };
/* End PBXFileReference section */

/* Begin PBXFrameworksBuildPhase section */
		A3000001 /* Frameworks */ = {
			isa = PBXFrameworksBuildPhase;
			buildActionMask = 2147483647;
			files = (
				A1000011 /* CastellsDomain in Frameworks */,
				A1000012 /* CastellsData in Frameworks */,
				A1000015 /* FeatureCalculator in Frameworks */,
				A1000016 /* FeatureSettings in Frameworks */,
				A1000017 /* FeatureScoreTable in Frameworks */,
			);
			runOnlyForDeploymentPostprocessing = 0;
		};
/* End PBXFrameworksBuildPhase section */

/* Begin PBXGroup section */
		F4000001 /* HoraAHoraAppUITests */ = {
			isa = PBXGroup;
			children = (F2000001 /* ScoreTableUITests.swift */);
			path = HoraAHoraAppUITests;
			sourceTree = "<group>";
		};
		A4000001 = {
			isa = PBXGroup;
			children = (
				A2000014 /* Version.xcconfig */,
				A4000002 /* HoraAHoraApp */,
				F4000001 /* HoraAHoraAppUITests */,
				A4000003 /* Products */,
			);
			sourceTree = "<group>";
		};
		A4000002 /* HoraAHoraApp */ = {
			isa = PBXGroup;
			children = (
				B2000001 /* Assets.xcassets */,
				B2000002 /* PrivacyInfo.xcprivacy */,
				A2000013 /* Info.plist */,
				A4000005 /* Composition */,
				A4000006 /* Configuration */,
				A4000007 /* Navigation */,
				A4000009 /* Startup */,
				D4000001 /* App */,
			);
			path = HoraAHoraApp;
			sourceTree = "<group>";
		};
		A4000003 /* Products */ = {
			isa = PBXGroup;
			children = (
				A2000004 /* HoraAHoraApp.app */,
				F2000002 /* HoraAHoraAppUITests.xctest */,
			);
			name = Products;
			sourceTree = "<group>";
		};
		A4000005 /* Composition */ = {
			isa = PBXGroup;
			children = (
				E2000001 /* AppDependencies.swift */,
			);
			path = Composition;
			sourceTree = "<group>";
		};
		A4000006 /* Configuration */ = {
			isa = PBXGroup;
			children = (
				A2000007 /* AppConfiguration.swift */,
				A2000012 /* Debug.xcconfig */,
			);
			path = Configuration;
			sourceTree = "<group>";
		};
		A4000007 /* Navigation */ = {
			isa = PBXGroup;
			children = (
				A2000008 /* AppNavigation.swift */,
			);
			path = Navigation;
			sourceTree = "<group>";
		};
		A4000009 /* Startup */ = {
			isa = PBXGroup;
			children = (
				A2000009 /* StartupLoadingGate.swift */,
				A2000010 /* StartupLoadingContainer.swift */,
				A2000011 /* StartupLoadingView.swift */,
			);
			path = Startup;
			sourceTree = "<group>";
		};
		D4000001 /* App */ = {
			isa = PBXGroup;
			children = (
				D2000001 /* CalculatorApp.swift */,
				D2000003 /* ContentView.swift */,
			);
			path = App;
			sourceTree = "<group>";
		};
/* End PBXGroup section */

/* Begin PBXNativeTarget section */
		F5000001 /* HoraAHoraAppUITests */ = {
			isa = PBXNativeTarget;
			buildConfigurationList = F7000001 /* Build configuration list for PBXNativeTarget "HoraAHoraAppUITests" */;
			buildPhases = (F6000001 /* Sources */);
			buildRules = ();
			dependencies = (F3000002 /* PBXTargetDependency */);
			name = HoraAHoraAppUITests;
			productName = HoraAHoraAppUITests;
			productReference = F2000002 /* HoraAHoraAppUITests.xctest */;
			productType = "com.apple.product-type.bundle.ui-testing";
		};
		A5000001 /* HoraAHoraApp */ = {
			isa = PBXNativeTarget;
			buildConfigurationList = A7000003 /* Build configuration list for PBXNativeTarget "HoraAHoraApp" */;
			buildPhases = (
				A6000001 /* Sources */,
				A3000001 /* Frameworks */,
				B6000001 /* Resources */,
			);
			buildRules = (
			);
			dependencies = (
			);
			name = HoraAHoraApp;
			packageProductDependencies = (
				A1100011 /* CastellsDomain */,
				A1100012 /* CastellsData */,
				A1100015 /* FeatureCalculator */,
				A1100016 /* FeatureSettings */,
				A1100017 /* FeatureScoreTable */,
			);
			productName = HoraAHoraApp;
			productReference = A2000004 /* HoraAHoraApp.app */;
			productType = "com.apple.product-type.application";
		};
/* End PBXNativeTarget section */

/* Begin PBXProject section */
		A8000001 /* Project object */ = {
			isa = PBXProject;
			attributes = {
				BuildIndependentTargetsInParallel = 1;
				LastSwiftUpdateCheck = 1500;
				LastUpgradeCheck = 1500;
			};
			buildConfigurationList = A7000001 /* Build configuration list for PBXProject "HoraAHoraApp" */;
			compatibilityVersion = "Xcode 14.0";
			developmentRegion = ca;
			hasScannedForEncodings = 0;
			knownRegions = (
				ca,
				Base,
			);
			mainGroup = A4000001;
			packageReferences = (
				A1200001 /* XCLocalSwiftPackageReference "Packages/CastellsKit" */,
			);
			productRefGroup = A4000003 /* Products */;
			projectDirPath = "";
			projectRoot = "";
			targets = (
				A5000001 /* HoraAHoraApp */,
				F5000001 /* HoraAHoraAppUITests */,
			);
		};
/* End PBXProject section */

/* Begin PBXResourcesBuildPhase section */
		B6000001 /* Resources */ = {
			isa = PBXResourcesBuildPhase;
			buildActionMask = 2147483647;
			files = (
				B1000001 /* Assets.xcassets in Resources */,
				B1000002 /* PrivacyInfo.xcprivacy in Resources */,
			);
			runOnlyForDeploymentPostprocessing = 0;
		};
/* End PBXResourcesBuildPhase section */

/* Begin PBXSourcesBuildPhase section */
		F6000001 /* Sources */ = {
			isa = PBXSourcesBuildPhase;
			buildActionMask = 2147483647;
			files = (F1000001 /* ScoreTableUITests.swift in Sources */);
			runOnlyForDeploymentPostprocessing = 0;
		};
		A6000001 /* Sources */ = {
			isa = PBXSourcesBuildPhase;
			buildActionMask = 2147483647;
			files = (
				D1000001 /* CalculatorApp.swift in Sources */,
				D1000003 /* ContentView.swift in Sources */,
				E1000001 /* AppDependencies.swift in Sources */,
				A1000006 /* AppConfiguration.swift in Sources */,
				A1000007 /* AppNavigation.swift in Sources */,
				A1000008 /* StartupLoadingGate.swift in Sources */,
				A1000009 /* StartupLoadingContainer.swift in Sources */,
				A1000010 /* StartupLoadingView.swift in Sources */,
			);
			runOnlyForDeploymentPostprocessing = 0;
		};
/* End PBXSourcesBuildPhase section */

/* Begin PBXTargetDependency section */
		F3000002 /* PBXTargetDependency */ = {
			isa = PBXTargetDependency;
			target = A5000001 /* HoraAHoraApp */;
			targetProxy = F3000001 /* PBXContainerItemProxy */;
		};
/* End PBXTargetDependency section */

/* Begin XCBuildConfiguration section */
		F9000001 /* Debug */ = {
			isa = XCBuildConfiguration;
			buildSettings = {
				GENERATE_INFOPLIST_FILE = YES;
				PRODUCT_BUNDLE_IDENTIFIER = com.ahuguet.castellsenvena.uitests;
				PRODUCT_NAME = "$(TARGET_NAME)";
				TARGETED_DEVICE_FAMILY = 1;
				TEST_TARGET_NAME = HoraAHoraApp;
			};
			name = Debug;
		};
		F9000002 /* Release */ = {
			isa = XCBuildConfiguration;
			buildSettings = {
				GENERATE_INFOPLIST_FILE = YES;
				PRODUCT_BUNDLE_IDENTIFIER = com.ahuguet.castellsenvena.uitests;
				PRODUCT_NAME = "$(TARGET_NAME)";
				TARGETED_DEVICE_FAMILY = 1;
				TEST_TARGET_NAME = HoraAHoraApp;
			};
			name = Release;
		};
		A9000001 /* Debug */ = {
			isa = XCBuildConfiguration;
			baseConfigurationReference = A2000014 /* Version.xcconfig */;
			buildSettings = {
				ALWAYS_SEARCH_USER_PATHS = NO;
				CLANG_ENABLE_MODULES = YES;
				CODE_SIGN_STYLE = Automatic;
				CURRENT_PROJECT_VERSION = 5;
				ENABLE_USER_SCRIPT_SANDBOXING = YES;
				GCC_C_LANGUAGE_STANDARD = gnu17;
				GENERATE_INFOPLIST_FILE = YES;
				IPHONEOS_DEPLOYMENT_TARGET = 17.0;
				LOCALIZATION_PREFERS_STRING_CATALOGS = YES;
				MTL_ENABLE_DEBUG_INFO = INCLUDE_SOURCE;
				ONLY_ACTIVE_ARCH = YES;
				SDKROOT = iphoneos;
				SWIFT_ACTIVE_COMPILATION_CONDITIONS = "DEBUG $(inherited)";
				SWIFT_OPTIMIZATION_LEVEL = "-Onone";
				SWIFT_VERSION = 5.0;
			};
			name = Debug;
		};
		A9000002 /* Release */ = {
			isa = XCBuildConfiguration;
			baseConfigurationReference = A2000014 /* Version.xcconfig */;
			buildSettings = {
				ALWAYS_SEARCH_USER_PATHS = NO;
				CLANG_ENABLE_MODULES = YES;
				CODE_SIGN_STYLE = Automatic;
				CURRENT_PROJECT_VERSION = 5;
				ENABLE_USER_SCRIPT_SANDBOXING = YES;
				GCC_C_LANGUAGE_STANDARD = gnu17;
				GENERATE_INFOPLIST_FILE = YES;
				IPHONEOS_DEPLOYMENT_TARGET = 17.0;
				LOCALIZATION_PREFERS_STRING_CATALOGS = YES;
				SDKROOT = iphoneos;
				SWIFT_COMPILATION_MODE = wholemodule;
				SWIFT_VERSION = 5.0;
				VALIDATE_PRODUCT = YES;
			};
			name = Release;
		};
		A9000003 /* Debug */ = {
			isa = XCBuildConfiguration;
			baseConfigurationReference = A2000012 /* Debug.xcconfig */;
			buildSettings = {
				ASSETCATALOG_COMPILER_APPICON_NAME = AppIcon;
				ASSETCATALOG_COMPILER_GLOBAL_ACCENT_COLOR_NAME = AccentColor;
				CODE_SIGN_STYLE = Automatic;
				DEVELOPMENT_TEAM = B94LUNLMW9;
				INFOPLIST_FILE = HoraAHoraApp/Info.plist;
				INFOPLIST_KEY_ITSAppUsesNonExemptEncryption = NO;
				INFOPLIST_KEY_UIApplicationSceneManifest_Generation = YES;
				INFOPLIST_KEY_CFBundleDisplayName = "La calculadora de l'Aleta";
				INFOPLIST_KEY_UIApplicationSupportsIndirectInputEvents = YES;
				INFOPLIST_KEY_UILaunchScreen_Generation = YES;
				INFOPLIST_KEY_UISupportedInterfaceOrientations_iPad = "UIInterfaceOrientationPortrait UIInterfaceOrientationPortraitUpsideDown UIInterfaceOrientationLandscapeLeft UIInterfaceOrientationLandscapeRight";
				INFOPLIST_KEY_UISupportedInterfaceOrientations_iPhone = "UIInterfaceOrientationPortrait UIInterfaceOrientationLandscapeLeft UIInterfaceOrientationLandscapeRight";
				LD_RUNPATH_SEARCH_PATHS = (
					"$(inherited)",
					"@executable_path/Frameworks",
				);
				PRODUCT_BUNDLE_IDENTIFIER = com.ahuguet.castellsenvena;
				PRODUCT_NAME = "$(TARGET_NAME)";
				SWIFT_EMIT_LOC_STRINGS = YES;
				TARGETED_DEVICE_FAMILY = 1;
			};
			name = Debug;
		};
		A9000004 /* Release */ = {
			isa = XCBuildConfiguration;
			buildSettings = {
				ASSETCATALOG_COMPILER_APPICON_NAME = AppIcon;
				ASSETCATALOG_COMPILER_GLOBAL_ACCENT_COLOR_NAME = AccentColor;
				CASTELLS_API_BASE_URL = "https://castells-superapp-poc.vercel.app";
				CODE_SIGN_STYLE = Automatic;
				DEVELOPMENT_TEAM = B94LUNLMW9;
				INFOPLIST_FILE = HoraAHoraApp/Info.plist;
				INFOPLIST_KEY_ITSAppUsesNonExemptEncryption = NO;
				INFOPLIST_KEY_UIApplicationSceneManifest_Generation = YES;
				INFOPLIST_KEY_CFBundleDisplayName = "La calculadora de l'Aleta";
				INFOPLIST_KEY_UIApplicationSupportsIndirectInputEvents = YES;
				INFOPLIST_KEY_UILaunchScreen_Generation = YES;
				INFOPLIST_KEY_UISupportedInterfaceOrientations_iPad = "UIInterfaceOrientationPortrait UIInterfaceOrientationPortraitUpsideDown UIInterfaceOrientationLandscapeLeft UIInterfaceOrientationLandscapeRight";
				INFOPLIST_KEY_UISupportedInterfaceOrientations_iPhone = "UIInterfaceOrientationPortrait UIInterfaceOrientationLandscapeLeft UIInterfaceOrientationLandscapeRight";
				LD_RUNPATH_SEARCH_PATHS = (
					"$(inherited)",
					"@executable_path/Frameworks",
				);
				PRODUCT_BUNDLE_IDENTIFIER = com.ahuguet.castellsenvena;
				PRODUCT_NAME = "$(TARGET_NAME)";
				SWIFT_EMIT_LOC_STRINGS = YES;
				TARGETED_DEVICE_FAMILY = 1;
			};
			name = Release;
		};
/* End XCBuildConfiguration section */

/* Begin XCConfigurationList section */
		F7000001 /* Build configuration list for PBXNativeTarget "HoraAHoraAppUITests" */ = {
			isa = XCConfigurationList;
			buildConfigurations = (F9000001 /* Debug */, F9000002 /* Release */);
			defaultConfigurationIsVisible = 0;
			defaultConfigurationName = Release;
		};
		A7000001 /* Build configuration list for PBXProject "HoraAHoraApp" */ = {
			isa = XCConfigurationList;
			buildConfigurations = (
				A9000001 /* Debug */,
				A9000002 /* Release */,
			);
			defaultConfigurationIsVisible = 0;
			defaultConfigurationName = Release;
		};
		A7000003 /* Build configuration list for PBXNativeTarget "HoraAHoraApp" */ = {
			isa = XCConfigurationList;
			buildConfigurations = (
				A9000003 /* Debug */,
				A9000004 /* Release */,
			);
			defaultConfigurationIsVisible = 0;
			defaultConfigurationName = Release;
		};
/* End XCConfigurationList section */

/* Begin XCLocalSwiftPackageReference section */
		A1200001 /* XCLocalSwiftPackageReference "Packages/CastellsKit" */ = {
			isa = XCLocalSwiftPackageReference;
			relativePath = Packages/CastellsKit;
		};
/* End XCLocalSwiftPackageReference section */

/* Begin XCSwiftPackageProductDependency section */
		A1100011 /* CastellsDomain */ = {
			isa = XCSwiftPackageProductDependency;
			productName = CastellsDomain;
		};
		A1100012 /* CastellsData */ = {
			isa = XCSwiftPackageProductDependency;
			productName = CastellsData;
		};
		A1100015 /* FeatureCalculator */ = {
			isa = XCSwiftPackageProductDependency;
			productName = FeatureCalculator;
		};
		A1100016 /* FeatureSettings */ = {
			isa = XCSwiftPackageProductDependency;
			productName = FeatureSettings;
		};
		A1100017 /* FeatureScoreTable */ = {
			isa = XCSwiftPackageProductDependency;
			productName = FeatureScoreTable;
		};
/* End XCSwiftPackageProductDependency section */
	};
	rootObject = A8000001 /* Project object */;
}
