// !$*UTF8*$!
{
	archiveVersion = 1;
	classes = {
	};
	objectVersion = 56;
	objects = {

/* Begin PBXBuildFile section */
		A1000001 /* HoraAHoraApp.swift in Sources */ = {isa = PBXBuildFile; fileRef = A2000001 /* HoraAHoraApp.swift */; };
		A1000002 /* ContentView.swift in Sources */ = {isa = PBXBuildFile; fileRef = A2000002 /* ContentView.swift */; };
		A1000003 /* AppDelegate.swift in Sources */ = {isa = PBXBuildFile; fileRef = A2000003 /* AppDelegate.swift */; };
		A1000004 /* HourByHourNotificationManager.swift in Sources */ = {isa = PBXBuildFile; fileRef = A2000005 /* HourByHourNotificationManager.swift */; };
		A1000005 /* AppDependencies.swift in Sources */ = {isa = PBXBuildFile; fileRef = A2000006 /* AppDependencies.swift */; };
		A1000006 /* AppConfiguration.swift in Sources */ = {isa = PBXBuildFile; fileRef = A2000007 /* AppConfiguration.swift */; };
		A1000007 /* AppNavigation.swift in Sources */ = {isa = PBXBuildFile; fileRef = A2000008 /* AppNavigation.swift */; };
		A1000008 /* StartupLoadingGate.swift in Sources */ = {isa = PBXBuildFile; fileRef = A2000009 /* StartupLoadingGate.swift */; };
		A1000009 /* StartupLoadingContainer.swift in Sources */ = {isa = PBXBuildFile; fileRef = A2000010 /* StartupLoadingContainer.swift */; };
		A1000010 /* StartupLoadingView.swift in Sources */ = {isa = PBXBuildFile; fileRef = A2000011 /* StartupLoadingView.swift */; };
		B1000001 /* Assets.xcassets in Resources */ = {isa = PBXBuildFile; fileRef = B2000001 /* Assets.xcassets */; };
		B1000002 /* PrivacyInfo.xcprivacy in Resources */ = {isa = PBXBuildFile; fileRef = B2000002 /* PrivacyInfo.xcprivacy */; };
		A1000011 /* CastellsDomain in Frameworks */ = {isa = PBXBuildFile; productRef = A1100011 /* CastellsDomain */; };
		A1000012 /* CastellsData in Frameworks */ = {isa = PBXBuildFile; productRef = A1100012 /* CastellsData */; };
		A1000013 /* FeatureHourByHour in Frameworks */ = {isa = PBXBuildFile; productRef = A1100013 /* FeatureHourByHour */; };
		A1000014 /* FeatureAgenda in Frameworks */ = {isa = PBXBuildFile; productRef = A1100014 /* FeatureAgenda */; };
		A1000015 /* FeatureCalculator in Frameworks */ = {isa = PBXBuildFile; productRef = A1100015 /* FeatureCalculator */; };
		A1000016 /* FeatureSettings in Frameworks */ = {isa = PBXBuildFile; productRef = A1100016 /* FeatureSettings */; };
/* End PBXBuildFile section */

/* Begin PBXFileReference section */
		4DBB36832F2CC02F0080CD51 /* HoraAHoraApp.entitlements */ = {isa = PBXFileReference; lastKnownFileType = text.plist.entitlements; path = HoraAHoraApp.entitlements; sourceTree = "<group>"; };
		A2000001 /* HoraAHoraApp.swift */ = {isa = PBXFileReference; lastKnownFileType = sourcecode.swift; path = HoraAHoraApp.swift; sourceTree = "<group>"; };
		A2000002 /* ContentView.swift */ = {isa = PBXFileReference; lastKnownFileType = sourcecode.swift; path = ContentView.swift; sourceTree = "<group>"; };
		A2000003 /* AppDelegate.swift */ = {isa = PBXFileReference; lastKnownFileType = sourcecode.swift; path = AppDelegate.swift; sourceTree = "<group>"; };
		A2000005 /* HourByHourNotificationManager.swift */ = {isa = PBXFileReference; lastKnownFileType = sourcecode.swift; path = HourByHourNotificationManager.swift; sourceTree = "<group>"; };
		A2000006 /* AppDependencies.swift */ = {isa = PBXFileReference; lastKnownFileType = sourcecode.swift; path = AppDependencies.swift; sourceTree = "<group>"; };
		A2000007 /* AppConfiguration.swift */ = {isa = PBXFileReference; lastKnownFileType = sourcecode.swift; path = AppConfiguration.swift; sourceTree = "<group>"; };
		A2000008 /* AppNavigation.swift */ = {isa = PBXFileReference; lastKnownFileType = sourcecode.swift; path = AppNavigation.swift; sourceTree = "<group>"; };
		A2000009 /* StartupLoadingGate.swift */ = {isa = PBXFileReference; lastKnownFileType = sourcecode.swift; path = StartupLoadingGate.swift; sourceTree = "<group>"; };
		A2000010 /* StartupLoadingContainer.swift */ = {isa = PBXFileReference; lastKnownFileType = sourcecode.swift; path = StartupLoadingContainer.swift; sourceTree = "<group>"; };
		A2000011 /* StartupLoadingView.swift */ = {isa = PBXFileReference; lastKnownFileType = sourcecode.swift; path = StartupLoadingView.swift; sourceTree = "<group>"; };
		A2000004 /* HoraAHoraApp.app */ = {isa = PBXFileReference; explicitFileType = wrapper.application; includeInIndex = 0; path = HoraAHoraApp.app; sourceTree = BUILT_PRODUCTS_DIR; };
		B2000001 /* Assets.xcassets */ = {isa = PBXFileReference; lastKnownFileType = folder.assetcatalog; path = Assets.xcassets; sourceTree = "<group>"; };
		B2000002 /* PrivacyInfo.xcprivacy */ = {isa = PBXFileReference; lastKnownFileType = text.xml; path = PrivacyInfo.xcprivacy; sourceTree = "<group>"; };
/* End PBXFileReference section */

/* Begin PBXFrameworksBuildPhase section */
		A3000001 /* Frameworks */ = {
			isa = PBXFrameworksBuildPhase;
			buildActionMask = 2147483647;
			files = (
				A1000011 /* CastellsDomain in Frameworks */,
				A1000012 /* CastellsData in Frameworks */,
				A1000013 /* FeatureHourByHour in Frameworks */,
				A1000014 /* FeatureAgenda in Frameworks */,
				A1000015 /* FeatureCalculator in Frameworks */,
				A1000016 /* FeatureSettings in Frameworks */,
			);
			runOnlyForDeploymentPostprocessing = 0;
		};
/* End PBXFrameworksBuildPhase section */

/* Begin PBXGroup section */
		A4000001 = {
			isa = PBXGroup;
			children = (
				A4000002 /* HoraAHoraApp */,
				A4000003 /* Products */,
			);
			sourceTree = "<group>";
		};
		A4000002 /* HoraAHoraApp */ = {
			isa = PBXGroup;
			children = (
				4DBB36832F2CC02F0080CD51 /* HoraAHoraApp.entitlements */,
				B2000001 /* Assets.xcassets */,
				B2000002 /* PrivacyInfo.xcprivacy */,
				A4000004 /* App */,
				A4000005 /* Composition */,
				A4000006 /* Configuration */,
				A4000007 /* Navigation */,
				A4000008 /* Notifications */,
				A4000009 /* Startup */,
			);
			path = HoraAHoraApp;
			sourceTree = "<group>";
		};
		A4000003 /* Products */ = {
			isa = PBXGroup;
			children = (
				A2000004 /* HoraAHoraApp.app */,
			);
			name = Products;
			sourceTree = "<group>";
		};
		A4000004 /* App */ = {
			isa = PBXGroup;
			children = (
				A2000001 /* HoraAHoraApp.swift */,
			);
			path = App;
			sourceTree = "<group>";
		};
		A4000005 /* Composition */ = {
			isa = PBXGroup;
			children = (
				A2000006 /* AppDependencies.swift */,
			);
			path = Composition;
			sourceTree = "<group>";
		};
		A4000006 /* Configuration */ = {
			isa = PBXGroup;
			children = (
				A2000007 /* AppConfiguration.swift */,
			);
			path = Configuration;
			sourceTree = "<group>";
		};
		A4000007 /* Navigation */ = {
			isa = PBXGroup;
			children = (
				A2000002 /* ContentView.swift */,
				A2000008 /* AppNavigation.swift */,
			);
			path = Navigation;
			sourceTree = "<group>";
		};
		A4000008 /* Notifications */ = {
			isa = PBXGroup;
			children = (
				A2000003 /* AppDelegate.swift */,
				A2000005 /* HourByHourNotificationManager.swift */,
			);
			path = Notifications;
			sourceTree = "<group>";
		};
		A4000009 /* Startup */ = {
			isa = PBXGroup;
			children = (
				A2000009 /* StartupLoadingGate.swift */,
				A2000010 /* StartupLoadingContainer.swift */,
				A2000011 /* StartupLoadingView.swift */,
			);
			path = Startup;
			sourceTree = "<group>";
		};
/* End PBXGroup section */

/* Begin PBXNativeTarget section */
		A5000001 /* HoraAHoraApp */ = {
			isa = PBXNativeTarget;
			buildConfigurationList = A7000003 /* Build configuration list for PBXNativeTarget "HoraAHoraApp" */;
			buildPhases = (
				A6000001 /* Sources */,
				A3000001 /* Frameworks */,
				B6000001 /* Resources */,
			);
			buildRules = (
			);
			dependencies = (
			);
			name = HoraAHoraApp;
			packageProductDependencies = (
				A1100011 /* CastellsDomain */,
				A1100012 /* CastellsData */,
				A1100013 /* FeatureHourByHour */,
				A1100014 /* FeatureAgenda */,
				A1100015 /* FeatureCalculator */,
				A1100016 /* FeatureSettings */,
			);
			productName = HoraAHoraApp;
			productReference = A2000004 /* HoraAHoraApp.app */;
			productType = "com.apple.product-type.application";
		};
/* End PBXNativeTarget section */

/* Begin PBXProject section */
		A8000001 /* Project object */ = {
			isa = PBXProject;
			attributes = {
				BuildIndependentTargetsInParallel = 1;
				LastSwiftUpdateCheck = 1500;
				LastUpgradeCheck = 1500;
			};
			buildConfigurationList = A7000001 /* Build configuration list for PBXProject "HoraAHoraApp" */;
			compatibilityVersion = "Xcode 14.0";
			developmentRegion = ca;
			hasScannedForEncodings = 0;
			knownRegions = (
				ca,
				Base,
			);
			mainGroup = A4000001;
			packageReferences = (
				A1200001 /* XCLocalSwiftPackageReference "Packages/CastellsKit" */,
			);
			productRefGroup = A4000003 /* Products */;
			projectDirPath = "";
			projectRoot = "";
			targets = (
				A5000001 /* HoraAHoraApp */,
			);
		};
/* End PBXProject section */

/* Begin PBXResourcesBuildPhase section */
		B6000001 /* Resources */ = {
			isa = PBXResourcesBuildPhase;
			buildActionMask = 2147483647;
			files = (
				B1000001 /* Assets.xcassets in Resources */,
				B1000002 /* PrivacyInfo.xcprivacy in Resources */,
			);
			runOnlyForDeploymentPostprocessing = 0;
		};
/* End PBXResourcesBuildPhase section */

/* Begin PBXSourcesBuildPhase section */
		A6000001 /* Sources */ = {
			isa = PBXSourcesBuildPhase;
			buildActionMask = 2147483647;
			files = (
				A1000001 /* HoraAHoraApp.swift in Sources */,
				A1000002 /* ContentView.swift in Sources */,
				A1000003 /* AppDelegate.swift in Sources */,
				A1000004 /* HourByHourNotificationManager.swift in Sources */,
				A1000005 /* AppDependencies.swift in Sources */,
				A1000006 /* AppConfiguration.swift in Sources */,
				A1000007 /* AppNavigation.swift in Sources */,
				A1000008 /* StartupLoadingGate.swift in Sources */,
				A1000009 /* StartupLoadingContainer.swift in Sources */,
				A1000010 /* StartupLoadingView.swift in Sources */,
			);
			runOnlyForDeploymentPostprocessing = 0;
		};
/* End PBXSourcesBuildPhase section */

/* Begin XCBuildConfiguration section */
		A9000001 /* Debug */ = {
			isa = XCBuildConfiguration;
			buildSettings = {
				ALWAYS_SEARCH_USER_PATHS = NO;
				CLANG_ENABLE_MODULES = YES;
				CODE_SIGN_STYLE = Automatic;
				CURRENT_PROJECT_VERSION = 6;
				ENABLE_USER_SCRIPT_SANDBOXING = YES;
				GCC_C_LANGUAGE_STANDARD = gnu17;
				GENERATE_INFOPLIST_FILE = YES;
				IPHONEOS_DEPLOYMENT_TARGET = 17.0;
				LOCALIZATION_PREFERS_STRING_CATALOGS = YES;
				MARKETING_VERSION = 1.0;
				MTL_ENABLE_DEBUG_INFO = INCLUDE_SOURCE;
				ONLY_ACTIVE_ARCH = YES;
				SDKROOT = iphoneos;
				SWIFT_ACTIVE_COMPILATION_CONDITIONS = "DEBUG $(inherited)";
				SWIFT_OPTIMIZATION_LEVEL = "-Onone";
				SWIFT_VERSION = 5.0;
			};
			name = Debug;
		};
		A9000002 /* Release */ = {
			isa = XCBuildConfiguration;
			buildSettings = {
				ALWAYS_SEARCH_USER_PATHS = NO;
				CLANG_ENABLE_MODULES = YES;
				CODE_SIGN_STYLE = Automatic;
				CURRENT_PROJECT_VERSION = 6;
				ENABLE_USER_SCRIPT_SANDBOXING = YES;
				GCC_C_LANGUAGE_STANDARD = gnu17;
				GENERATE_INFOPLIST_FILE = YES;
				IPHONEOS_DEPLOYMENT_TARGET = 17.0;
				LOCALIZATION_PREFERS_STRING_CATALOGS = YES;
				MARKETING_VERSION = 1.0;
				SDKROOT = iphoneos;
				SWIFT_COMPILATION_MODE = wholemodule;
				SWIFT_VERSION = 5.0;
				VALIDATE_PRODUCT = YES;
			};
			name = Release;
		};
		A9000003 /* Debug */ = {
			isa = XCBuildConfiguration;
			buildSettings = {
				APS_ENVIRONMENT = development;
				ASSETCATALOG_COMPILER_APPICON_NAME = AppIcon;
				CODE_SIGN_ENTITLEMENTS = HoraAHoraApp/HoraAHoraApp.entitlements;
				CODE_SIGN_STYLE = Automatic;
				DEVELOPMENT_TEAM = B94LUNLMW9;
				INFOPLIST_KEY_ITSAppUsesNonExemptEncryption = NO;
				INFOPLIST_KEY_UIApplicationSceneManifest_Generation = YES;
				INFOPLIST_KEY_CastellsAPIBaseURL = "https://castells-superapp-poc.vercel.app";
				INFOPLIST_KEY_CFBundleDisplayName = "Castells en vena";
				INFOPLIST_KEY_NSAppTransportSecurity_NSAllowsLocalNetworking = YES;
				INFOPLIST_KEY_UIApplicationSupportsIndirectInputEvents = YES;
				INFOPLIST_KEY_UILaunchScreen_Generation = YES;
				INFOPLIST_KEY_UISupportedInterfaceOrientations_iPad = "UIInterfaceOrientationPortrait UIInterfaceOrientationPortraitUpsideDown UIInterfaceOrientationLandscapeLeft UIInterfaceOrientationLandscapeRight";
				INFOPLIST_KEY_UISupportedInterfaceOrientations_iPhone = "UIInterfaceOrientationPortrait UIInterfaceOrientationLandscapeLeft UIInterfaceOrientationLandscapeRight";
				LD_RUNPATH_SEARCH_PATHS = (
					"$(inherited)",
					"@executable_path/Frameworks",
				);
				PRODUCT_BUNDLE_IDENTIFIER = com.ahuguet.castellsenvena;
				PRODUCT_NAME = "$(TARGET_NAME)";
				SWIFT_EMIT_LOC_STRINGS = YES;
				TARGETED_DEVICE_FAMILY = 1;
			};
			name = Debug;
		};
		A9000004 /* Release */ = {
			isa = XCBuildConfiguration;
			buildSettings = {
				APS_ENVIRONMENT = production;
				ASSETCATALOG_COMPILER_APPICON_NAME = AppIcon;
				CODE_SIGN_ENTITLEMENTS = HoraAHoraApp/HoraAHoraApp.entitlements;
				CODE_SIGN_STYLE = Automatic;
				DEVELOPMENT_TEAM = B94LUNLMW9;
				INFOPLIST_KEY_ITSAppUsesNonExemptEncryption = NO;
				INFOPLIST_KEY_UIApplicationSceneManifest_Generation = YES;
				INFOPLIST_KEY_CastellsAPIBaseURL = "https://castells-superapp-poc.vercel.app";
				INFOPLIST_KEY_CFBundleDisplayName = "Castells en vena";
				INFOPLIST_KEY_NSAppTransportSecurity_NSAllowsLocalNetworking = YES;
				INFOPLIST_KEY_UIApplicationSupportsIndirectInputEvents = YES;
				INFOPLIST_KEY_UILaunchScreen_Generation = YES;
				INFOPLIST_KEY_UISupportedInterfaceOrientations_iPad = "UIInterfaceOrientationPortrait UIInterfaceOrientationPortraitUpsideDown UIInterfaceOrientationLandscapeLeft UIInterfaceOrientationLandscapeRight";
				INFOPLIST_KEY_UISupportedInterfaceOrientations_iPhone = "UIInterfaceOrientationPortrait UIInterfaceOrientationLandscapeLeft UIInterfaceOrientationLandscapeRight";
				LD_RUNPATH_SEARCH_PATHS = (
					"$(inherited)",
					"@executable_path/Frameworks",
				);
				PRODUCT_BUNDLE_IDENTIFIER = com.ahuguet.castellsenvena;
				PRODUCT_NAME = "$(TARGET_NAME)";
				SWIFT_EMIT_LOC_STRINGS = YES;
				TARGETED_DEVICE_FAMILY = 1;
			};
			name = Release;
		};
/* End XCBuildConfiguration section */

/* Begin XCConfigurationList section */
		A7000001 /* Build configuration list for PBXProject "HoraAHoraApp" */ = {
			isa = XCConfigurationList;
			buildConfigurations = (
				A9000001 /* Debug */,
				A9000002 /* Release */,
			);
			defaultConfigurationIsVisible = 0;
			defaultConfigurationName = Release;
		};
		A7000003 /* Build configuration list for PBXNativeTarget "HoraAHoraApp" */ = {
			isa = XCConfigurationList;
			buildConfigurations = (
				A9000003 /* Debug */,
				A9000004 /* Release */,
			);
			defaultConfigurationIsVisible = 0;
			defaultConfigurationName = Release;
		};
/* End XCConfigurationList section */

/* Begin XCLocalSwiftPackageReference section */
		A1200001 /* XCLocalSwiftPackageReference "Packages/CastellsKit" */ = {
			isa = XCLocalSwiftPackageReference;
			relativePath = Packages/CastellsKit;
		};
/* End XCLocalSwiftPackageReference section */

/* Begin XCSwiftPackageProductDependency section */
		A1100011 /* CastellsDomain */ = {
			isa = XCSwiftPackageProductDependency;
			productName = CastellsDomain;
		};
		A1100012 /* CastellsData */ = {
			isa = XCSwiftPackageProductDependency;
			productName = CastellsData;
		};
		A1100013 /* FeatureHourByHour */ = {
			isa = XCSwiftPackageProductDependency;
			productName = FeatureHourByHour;
		};
		A1100014 /* FeatureAgenda */ = {
			isa = XCSwiftPackageProductDependency;
			productName = FeatureAgenda;
		};
		A1100015 /* FeatureCalculator */ = {
			isa = XCSwiftPackageProductDependency;
			productName = FeatureCalculator;
		};
		A1100016 /* FeatureSettings */ = {
			isa = XCSwiftPackageProductDependency;
			productName = FeatureSettings;
		};
/* End XCSwiftPackageProductDependency section */
	};
	rootObject = A8000001 /* Project object */;
}
